<Solution>
  <Project Path="src/CSF.Analyzers.Reliability/CSF.Analyzers.Reliability.csproj" />
  <Project Path="src/CSF.Analyzers.Architecture/CSF.Analyzers.Architecture.csproj" />
  <Project Path="src/CSF.Analyzers.Testing/CSF.Analyzers.Testing.csproj" />
  <Project Path="samples/CSF.Analyzers.Reliability.Sample/CSF.Analyzers.Reliability.Sample.csproj" />
  <Project Path="samples/CSF.Analyzers.Architecture.Sample/CSF.Analyzers.Architecture.Sample.csproj" />
  <Project Path="samples/CSF.Analyzers.Testing.Sample/CSF.Analyzers.Testing.Sample.csproj" />
  <Project Path="tests/CSF.Analyzers.Reliability.Tests/CSF.Analyzers.Reliability.Tests.csproj" />
  <Project Path="tests/CSF.Analyzers.Architecture.Tests/CSF.Analyzers.Architecture.Tests.csproj" />
  <Project Path="tests/CSF.Analyzers.Testing.Tests/CSF.Analyzers.Testing.Tests.csproj" />
  <Project Path="tests/CSF.Analyzers.PackageValidation.Tests/CSF.Analyzers.PackageValidation.Tests.csproj" />
</Solution>
